
Microsoft Visual Studio Solution File, Format Version 12.00
# Visual Studio 15
VisualStudioVersion = 15.0.27130.2010
MinimumVisualStudioVersion = 10.0.40219.1
Project("{FF286327-C783-4F7A-AB73-9BCBAD0D4460}") = "Nuget.nanoFramework.Networking.Sntp", "Nuget.nanoFramework.Networking.Sntp\Nuget.nanoFramework.Networking.Sntp.nuproj", "{6CC7C231-8DEA-4227-9577-DD427EC45562}"
EndProject
Project("{FF286327-C783-4F7A-AB73-9BCBAD0D4460}") = "Nuget.nanoFramework.Networking.Sntp.DELIVERABLES", "Nuget.nanoFramework.Networking.Sntp.DELIVERABLES\Nuget.nanoFramework.Networking.Sntp.DELIVERABLES.nuproj", "{03FE7E57-992E-421E-A1A4-13EAEE114254}"
EndProject
Global
	GlobalSection(SolutionConfigurationPlatforms) = preSolution
		Debug|Any CPU = Debug|Any CPU
		Release|Any CPU = Release|Any CPU
	EndGlobalSection
	GlobalSection(ProjectConfigurationPlatforms) = postSolution
		{6CC7C231-8DEA-4227-9577-DD427EC45562}.Debug|Any CPU.ActiveCfg = Debug|Any CPU
		{6CC7C231-8DEA-4227-9577-DD427EC45562}.Debug|Any CPU.Build.0 = Debug|Any CPU
		{6CC7C231-8DEA-4227-9577-DD427EC45562}.Release|Any CPU.ActiveCfg = Release|Any CPU
		{6CC7C231-8DEA-4227-9577-DD427EC45562}.Release|Any CPU.Build.0 = Release|Any CPU
		{03FE7E57-992E-421E-A1A4-13EAEE114254}.Debug|Any CPU.ActiveCfg = Debug|Any CPU
		{03FE7E57-992E-421E-A1A4-13EAEE114254}.Debug|Any CPU.Build.0 = Debug|Any CPU
		{03FE7E57-992E-421E-A1A4-13EAEE114254}.Release|Any CPU.ActiveCfg = Release|Any CPU
		{03FE7E57-992E-421E-A1A4-13EAEE114254}.Release|Any CPU.Build.0 = Release|Any CPU
	EndGlobalSection
	GlobalSection(SolutionProperties) = preSolution
		HideSolutionNode = FALSE
	EndGlobalSection
	GlobalSection(ExtensibilityGlobals) = postSolution
		SolutionGuid = {C54BBD1E-7542-4320-84AF-5BE55D862606}
	EndGlobalSection
EndGlobal
